// !$*UTF8*$!
{
	archiveVersion = 1;
	classes = {
	};
	objectVersion = 46;
	objects = {

/* Begin PBXBuildFile section */
		AACCE9A81D3CF9E200257A34 /* thumb.jpg in Resources */ = {isa = PBXBuildFile; fileRef = AACCE9A71D3CF9E200257A34 /* thumb.jpg */; };
		AACCE9BB1D3CF9F500257A34 /* FBBarCodec.bundle in Resources */ = {isa = PBXBuildFile; fileRef = AACCE9A91D3CF9F500257A34 /* FBBarCodec.bundle */; };
		AACCE9BC1D3CF9F500257A34 /* bitstream.c in Sources */ = {isa = PBXBuildFile; fileRef = AACCE9AB1D3CF9F500257A34 /* bitstream.c */; };
		AACCE9BD1D3CF9F500257A34 /* mask.c in Sources */ = {isa = PBXBuildFile; fileRef = AACCE9AD1D3CF9F500257A34 /* mask.c */; };
		AACCE9BE1D3CF9F500257A34 /* QRCodeGenerator.m in Sources */ = {isa = PBXBuildFile; fileRef = AACCE9B01D3CF9F500257A34 /* QRCodeGenerator.m */; };
		AACCE9BF1D3CF9F500257A34 /* qrencode.c in Sources */ = {isa = PBXBuildFile; fileRef = AACCE9B11D3CF9F500257A34 /* qrencode.c */; };
		AACCE9C01D3CF9F500257A34 /* qrinput.c in Sources */ = {isa = PBXBuildFile; fileRef = AACCE9B31D3CF9F500257A34 /* qrinput.c */; };
		AACCE9C11D3CF9F500257A34 /* qrspec.c in Sources */ = {isa = PBXBuildFile; fileRef = AACCE9B51D3CF9F500257A34 /* qrspec.c */; };
		AACCE9C21D3CF9F500257A34 /* rscode.c in Sources */ = {isa = PBXBuildFile; fileRef = AACCE9B71D3CF9F500257A34 /* rscode.c */; };
		AACCE9C31D3CF9F500257A34 /* split.c in Sources */ = {isa = PBXBuildFile; fileRef = AACCE9B91D3CF9F500257A34 /* split.c */; };
		EC0E51BC1C5A1C12005A566C /* FBBarCodeGenerator.m in Sources */ = {isa = PBXBuildFile; fileRef = EC0E51B41C5A1C12005A566C /* FBBarCodeGenerator.m */; };
		EC0E51BD1C5A1C12005A566C /* FBBarCodeScanner.m in Sources */ = {isa = PBXBuildFile; fileRef = EC0E51B61C5A1C12005A566C /* FBBarCodeScanner.m */; };
		EC0E51BE1C5A1C12005A566C /* FBBarCodeScanViewController.m in Sources */ = {isa = PBXBuildFile; fileRef = EC0E51B91C5A1C12005A566C /* FBBarCodeScanViewController.m */; };
		EC0E51BF1C5A1C12005A566C /* UIView+Extension.m in Sources */ = {isa = PBXBuildFile; fileRef = EC0E51BB1C5A1C12005A566C /* UIView+Extension.m */; };
		ECB2D6F11C58A722009B86DA /* main.m in Sources */ = {isa = PBXBuildFile; fileRef = ECB2D6F01C58A722009B86DA /* main.m */; };
		ECB2D6F41C58A722009B86DA /* AppDelegate.m in Sources */ = {isa = PBXBuildFile; fileRef = ECB2D6F31C58A722009B86DA /* AppDelegate.m */; };
		ECB2D6F71C58A722009B86DA /* ViewController.m in Sources */ = {isa = PBXBuildFile; fileRef = ECB2D6F61C58A722009B86DA /* ViewController.m */; };
		ECB2D6FA1C58A722009B86DA /* Main.storyboard in Resources */ = {isa = PBXBuildFile; fileRef = ECB2D6F81C58A722009B86DA /* Main.storyboard */; };
		ECB2D6FC1C58A722009B86DA /* Assets.xcassets in Resources */ = {isa = PBXBuildFile; fileRef = ECB2D6FB1C58A722009B86DA /* Assets.xcassets */; };
		ECB2D6FF1C58A722009B86DA /* LaunchScreen.storyboard in Resources */ = {isa = PBXBuildFile; fileRef = ECB2D6FD1C58A722009B86DA /* LaunchScreen.storyboard */; };
/* End PBXBuildFile section */

/* Begin PBXFileReference section */
		AACCE9A71D3CF9E200257A34 /* thumb.jpg */ = {isa = PBXFileReference; lastKnownFileType = image.jpeg; name = thumb.jpg; path = FBBarCoder/thumb.jpg; sourceTree = SOURCE_ROOT; };
		AACCE9A91D3CF9F500257A34 /* FBBarCodec.bundle */ = {isa = PBXFileReference; lastKnownFileType = "wrapper.plug-in"; path = FBBarCodec.bundle; sourceTree = "<group>"; };
		AACCE9AB1D3CF9F500257A34 /* bitstream.c */ = {isa = PBXFileReference; fileEncoding = 4; lastKnownFileType = sourcecode.c.c; path = bitstream.c; sourceTree = "<group>"; };
		AACCE9AC1D3CF9F500257A34 /* bitstream.h */ = {isa = PBXFileReference; fileEncoding = 4; lastKnownFileType = sourcecode.c.h; path = bitstream.h; sourceTree = "<group>"; };
		AACCE9AD1D3CF9F500257A34 /* mask.c */ = {isa = PBXFileReference; fileEncoding = 4; lastKnownFileType = sourcecode.c.c; path = mask.c; sourceTree = "<group>"; };
		AACCE9AE1D3CF9F500257A34 /* mask.h */ = {isa = PBXFileReference; fileEncoding = 4; lastKnownFileType = sourcecode.c.h; path = mask.h; sourceTree = "<group>"; };
		AACCE9AF1D3CF9F500257A34 /* QRCodeGenerator.h */ = {isa = PBXFileReference; fileEncoding = 4; lastKnownFileType = sourcecode.c.h; path = QRCodeGenerator.h; sourceTree = "<group>"; };
		AACCE9B01D3CF9F500257A34 /* QRCodeGenerator.m */ = {isa = PBXFileReference; fileEncoding = 4; lastKnownFileType = sourcecode.c.objc; path = QRCodeGenerator.m; sourceTree = "<group>"; };
		AACCE9B11D3CF9F500257A34 /* qrencode.c */ = {isa = PBXFileReference; fileEncoding = 4; lastKnownFileType = sourcecode.c.c; path = qrencode.c; sourceTree = "<group>"; };
		AACCE9B21D3CF9F500257A34 /* qrencode.h */ = {isa = PBXFileReference; fileEncoding = 4; lastKnownFileType = sourcecode.c.h; path = qrencode.h; sourceTree = "<group>"; };
		AACCE9B31D3CF9F500257A34 /* qrinput.c */ = {isa = PBXFileReference; fileEncoding = 4; lastKnownFileType = sourcecode.c.c; path = qrinput.c; sourceTree = "<group>"; };
		AACCE9B41D3CF9F500257A34 /* qrinput.h */ = {isa = PBXFileReference; fileEncoding = 4; lastKnownFileType = sourcecode.c.h; path = qrinput.h; sourceTree = "<group>"; };
		AACCE9B51D3CF9F500257A34 /* qrspec.c */ = {isa = PBXFileReference; fileEncoding = 4; lastKnownFileType = sourcecode.c.c; path = qrspec.c; sourceTree = "<group>"; };
		AACCE9B61D3CF9F500257A34 /* qrspec.h */ = {isa = PBXFileReference; fileEncoding = 4; lastKnownFileType = sourcecode.c.h; path = qrspec.h; sourceTree = "<group>"; };
		AACCE9B71D3CF9F500257A34 /* rscode.c */ = {isa = PBXFileReference; fileEncoding = 4; lastKnownFileType = sourcecode.c.c; path = rscode.c; sourceTree = "<group>"; };
		AACCE9B81D3CF9F500257A34 /* rscode.h */ = {isa = PBXFileReference; fileEncoding = 4; lastKnownFileType = sourcecode.c.h; path = rscode.h; sourceTree = "<group>"; };
		AACCE9B91D3CF9F500257A34 /* split.c */ = {isa = PBXFileReference; fileEncoding = 4; lastKnownFileType = sourcecode.c.c; path = split.c; sourceTree = "<group>"; };
		AACCE9BA1D3CF9F500257A34 /* split.h */ = {isa = PBXFileReference; fileEncoding = 4; lastKnownFileType = sourcecode.c.h; path = split.h; sourceTree = "<group>"; };
		EC0E51B31C5A1C12005A566C /* FBBarCodeGenerator.h */ = {isa = PBXFileReference; fileEncoding = 4; lastKnownFileType = sourcecode.c.h; path = FBBarCodeGenerator.h; sourceTree = "<group>"; };
		EC0E51B41C5A1C12005A566C /* FBBarCodeGenerator.m */ = {isa = PBXFileReference; fileEncoding = 4; lastKnownFileType = sourcecode.c.objc; path = FBBarCodeGenerator.m; sourceTree = "<group>"; };
		EC0E51B51C5A1C12005A566C /* FBBarCodeScanner.h */ = {isa = PBXFileReference; fileEncoding = 4; lastKnownFileType = sourcecode.c.h; path = FBBarCodeScanner.h; sourceTree = "<group>"; };
		EC0E51B61C5A1C12005A566C /* FBBarCodeScanner.m */ = {isa = PBXFileReference; fileEncoding = 4; lastKnownFileType = sourcecode.c.objc; path = FBBarCodeScanner.m; sourceTree = "<group>"; };
		EC0E51B81C5A1C12005A566C /* FBBarCodeScanViewController.h */ = {isa = PBXFileReference; fileEncoding = 4; lastKnownFileType = sourcecode.c.h; path = FBBarCodeScanViewController.h; sourceTree = "<group>"; };
		EC0E51B91C5A1C12005A566C /* FBBarCodeScanViewController.m */ = {isa = PBXFileReference; fileEncoding = 4; lastKnownFileType = sourcecode.c.objc; path = FBBarCodeScanViewController.m; sourceTree = "<group>"; };
		EC0E51BA1C5A1C12005A566C /* UIView+Extension.h */ = {isa = PBXFileReference; fileEncoding = 4; lastKnownFileType = sourcecode.c.h; path = "UIView+Extension.h"; sourceTree = "<group>"; };
		EC0E51BB1C5A1C12005A566C /* UIView+Extension.m */ = {isa = PBXFileReference; fileEncoding = 4; lastKnownFileType = sourcecode.c.objc; path = "UIView+Extension.m"; sourceTree = "<group>"; };
		ECB2D6EC1C58A722009B86DA /* FBBarCoder.app */ = {isa = PBXFileReference; explicitFileType = wrapper.application; includeInIndex = 0; path = FBBarCoder.app; sourceTree = BUILT_PRODUCTS_DIR; };
		ECB2D6F01C58A722009B86DA /* main.m */ = {isa = PBXFileReference; lastKnownFileType = sourcecode.c.objc; path = main.m; sourceTree = "<group>"; };
		ECB2D6F21C58A722009B86DA /* AppDelegate.h */ = {isa = PBXFileReference; lastKnownFileType = sourcecode.c.h; path = AppDelegate.h; sourceTree = "<group>"; };
		ECB2D6F31C58A722009B86DA /* AppDelegate.m */ = {isa = PBXFileReference; lastKnownFileType = sourcecode.c.objc; path = AppDelegate.m; sourceTree = "<group>"; };
		ECB2D6F51C58A722009B86DA /* ViewController.h */ = {isa = PBXFileReference; lastKnownFileType = sourcecode.c.h; path = ViewController.h; sourceTree = "<group>"; };
		ECB2D6F61C58A722009B86DA /* ViewController.m */ = {isa = PBXFileReference; lastKnownFileType = sourcecode.c.objc; path = ViewController.m; sourceTree = "<group>"; };
		ECB2D6F91C58A722009B86DA /* Base */ = {isa = PBXFileReference; lastKnownFileType = file.storyboard; name = Base; path = Base.lproj/Main.storyboard; sourceTree = "<group>"; };
		ECB2D6FB1C58A722009B86DA /* Assets.xcassets */ = {isa = PBXFileReference; lastKnownFileType = folder.assetcatalog; path = Assets.xcassets; sourceTree = "<group>"; };
		ECB2D6FE1C58A722009B86DA /* Base */ = {isa = PBXFileReference; lastKnownFileType = file.storyboard; name = Base; path = Base.lproj/LaunchScreen.storyboard; sourceTree = "<group>"; };
		ECB2D7001C58A722009B86DA /* Info.plist */ = {isa = PBXFileReference; lastKnownFileType = text.plist.xml; path = Info.plist; sourceTree = "<group>"; };
/* End PBXFileReference section */

/* Begin PBXFrameworksBuildPhase section */
		ECB2D6E91C58A722009B86DA /* Frameworks */ = {
			isa = PBXFrameworksBuildPhase;
			buildActionMask = 2147483647;
			files = (
			);
			runOnlyForDeploymentPostprocessing = 0;
		};
/* End PBXFrameworksBuildPhase section */

/* Begin PBXGroup section */
		AACCE9AA1D3CF9F500257A34 /* libqrencode */ = {
			isa = PBXGroup;
			children = (
				AACCE9AB1D3CF9F500257A34 /* bitstream.c */,
				AACCE9AC1D3CF9F500257A34 /* bitstream.h */,
				AACCE9AD1D3CF9F500257A34 /* mask.c */,
				AACCE9AE1D3CF9F500257A34 /* mask.h */,
				AACCE9AF1D3CF9F500257A34 /* QRCodeGenerator.h */,
				AACCE9B01D3CF9F500257A34 /* QRCodeGenerator.m */,
				AACCE9B11D3CF9F500257A34 /* qrencode.c */,
				AACCE9B21D3CF9F500257A34 /* qrencode.h */,
				AACCE9B31D3CF9F500257A34 /* qrinput.c */,
				AACCE9B41D3CF9F500257A34 /* qrinput.h */,
				AACCE9B51D3CF9F500257A34 /* qrspec.c */,
				AACCE9B61D3CF9F500257A34 /* qrspec.h */,
				AACCE9B71D3CF9F500257A34 /* rscode.c */,
				AACCE9B81D3CF9F500257A34 /* rscode.h */,
				AACCE9B91D3CF9F500257A34 /* split.c */,
				AACCE9BA1D3CF9F500257A34 /* split.h */,
			);
			path = libqrencode;
			sourceTree = "<group>";
		};
		EC0E51B11C5A1C12005A566C /* FBBarCoder */ = {
			isa = PBXGroup;
			children = (
				AACCE9A91D3CF9F500257A34 /* FBBarCodec.bundle */,
				AACCE9AA1D3CF9F500257A34 /* libqrencode */,
				EC0E51B21C5A1C12005A566C /* FBBarCoders */,
				EC0E51B71C5A1C12005A566C /* FBBarCoderUI */,
			);
			path = FBBarCoder;
			sourceTree = "<group>";
		};
		EC0E51B21C5A1C12005A566C /* FBBarCoders */ = {
			isa = PBXGroup;
			children = (
				EC0E51B31C5A1C12005A566C /* FBBarCodeGenerator.h */,
				EC0E51B41C5A1C12005A566C /* FBBarCodeGenerator.m */,
				EC0E51B51C5A1C12005A566C /* FBBarCodeScanner.h */,
				EC0E51B61C5A1C12005A566C /* FBBarCodeScanner.m */,
			);
			path = FBBarCoders;
			sourceTree = "<group>";
		};
		EC0E51B71C5A1C12005A566C /* FBBarCoderUI */ = {
			isa = PBXGroup;
			children = (
				EC0E51B81C5A1C12005A566C /* FBBarCodeScanViewController.h */,
				EC0E51B91C5A1C12005A566C /* FBBarCodeScanViewController.m */,
				EC0E51BA1C5A1C12005A566C /* UIView+Extension.h */,
				EC0E51BB1C5A1C12005A566C /* UIView+Extension.m */,
			);
			path = FBBarCoderUI;
			sourceTree = "<group>";
		};
		ECB2D6E31C58A722009B86DA = {
			isa = PBXGroup;
			children = (
				ECB2D6EE1C58A722009B86DA /* FBBarCoder */,
				ECB2D6ED1C58A722009B86DA /* Products */,
			);
			sourceTree = "<group>";
		};
		ECB2D6ED1C58A722009B86DA /* Products */ = {
			isa = PBXGroup;
			children = (
				ECB2D6EC1C58A722009B86DA /* FBBarCoder.app */,
			);
			name = Products;
			sourceTree = "<group>";
		};
		ECB2D6EE1C58A722009B86DA /* FBBarCoder */ = {
			isa = PBXGroup;
			children = (
				EC0E51B11C5A1C12005A566C /* FBBarCoder */,
				ECB2D6F21C58A722009B86DA /* AppDelegate.h */,
				ECB2D6F31C58A722009B86DA /* AppDelegate.m */,
				ECB2D6F51C58A722009B86DA /* ViewController.h */,
				ECB2D6F61C58A722009B86DA /* ViewController.m */,
				AACCE9A71D3CF9E200257A34 /* thumb.jpg */,
				ECB2D6F81C58A722009B86DA /* Main.storyboard */,
				ECB2D6FB1C58A722009B86DA /* Assets.xcassets */,
				ECB2D6FD1C58A722009B86DA /* LaunchScreen.storyboard */,
				ECB2D7001C58A722009B86DA /* Info.plist */,
				ECB2D6EF1C58A722009B86DA /* Supporting Files */,
			);
			path = FBBarCoder;
			sourceTree = "<group>";
		};
		ECB2D6EF1C58A722009B86DA /* Supporting Files */ = {
			isa = PBXGroup;
			children = (
				ECB2D6F01C58A722009B86DA /* main.m */,
			);
			name = "Supporting Files";
			sourceTree = "<group>";
		};
/* End PBXGroup section */

/* Begin PBXNativeTarget section */
		ECB2D6EB1C58A722009B86DA /* FBBarCoder */ = {
			isa = PBXNativeTarget;
			buildConfigurationList = ECB2D7031C58A722009B86DA /* Build configuration list for PBXNativeTarget "FBBarCoder" */;
			buildPhases = (
				ECB2D6E81C58A722009B86DA /* Sources */,
				ECB2D6E91C58A722009B86DA /* Frameworks */,
				ECB2D6EA1C58A722009B86DA /* Resources */,
			);
			buildRules = (
			);
			dependencies = (
			);
			name = FBBarCoder;
			productName = FBBarCoder;
			productReference = ECB2D6EC1C58A722009B86DA /* FBBarCoder.app */;
			productType = "com.apple.product-type.application";
		};
/* End PBXNativeTarget section */

/* Begin PBXProject section */
		ECB2D6E41C58A722009B86DA /* Project object */ = {
			isa = PBXProject;
			attributes = {
				LastUpgradeCheck = 0720;
				ORGANIZATIONNAME = com.pureLake;
				TargetAttributes = {
					ECB2D6EB1C58A722009B86DA = {
						CreatedOnToolsVersion = 7.2;
					};
				};
			};
			buildConfigurationList = ECB2D6E71C58A722009B86DA /* Build configuration list for PBXProject "FBBarCoder" */;
			compatibilityVersion = "Xcode 3.2";
			developmentRegion = English;
			hasScannedForEncodings = 0;
			knownRegions = (
				en,
				Base,
			);
			mainGroup = ECB2D6E31C58A722009B86DA;
			productRefGroup = ECB2D6ED1C58A722009B86DA /* Products */;
			projectDirPath = "";
			projectRoot = "";
			targets = (
				ECB2D6EB1C58A722009B86DA /* FBBarCoder */,
			);
		};
/* End PBXProject section */

/* Begin PBXResourcesBuildPhase section */
		ECB2D6EA1C58A722009B86DA /* Resources */ = {
			isa = PBXResourcesBuildPhase;
			buildActionMask = 2147483647;
			files = (
				AACCE9A81D3CF9E200257A34 /* thumb.jpg in Resources */,
				ECB2D6FF1C58A722009B86DA /* LaunchScreen.storyboard in Resources */,
				ECB2D6FC1C58A722009B86DA /* Assets.xcassets in Resources */,
				ECB2D6FA1C58A722009B86DA /* Main.storyboard in Resources */,
				AACCE9BB1D3CF9F500257A34 /* FBBarCodec.bundle in Resources */,
			);
			runOnlyForDeploymentPostprocessing = 0;
		};
/* End PBXResourcesBuildPhase section */

/* Begin PBXSourcesBuildPhase section */
		ECB2D6E81C58A722009B86DA /* Sources */ = {
			isa = PBXSourcesBuildPhase;
			buildActionMask = 2147483647;
			files = (
				EC0E51BF1C5A1C12005A566C /* UIView+Extension.m in Sources */,
				EC0E51BD1C5A1C12005A566C /* FBBarCodeScanner.m in Sources */,
				ECB2D6F71C58A722009B86DA /* ViewController.m in Sources */,
				AACCE9C31D3CF9F500257A34 /* split.c in Sources */,
				AACCE9C21D3CF9F500257A34 /* rscode.c in Sources */,
				EC0E51BC1C5A1C12005A566C /* FBBarCodeGenerator.m in Sources */,
				AACCE9C11D3CF9F500257A34 /* qrspec.c in Sources */,
				ECB2D6F41C58A722009B86DA /* AppDelegate.m in Sources */,
				AACCE9C01D3CF9F500257A34 /* qrinput.c in Sources */,
				AACCE9BE1D3CF9F500257A34 /* QRCodeGenerator.m in Sources */,
				EC0E51BE1C5A1C12005A566C /* FBBarCodeScanViewController.m in Sources */,
				AACCE9BD1D3CF9F500257A34 /* mask.c in Sources */,
				ECB2D6F11C58A722009B86DA /* main.m in Sources */,
				AACCE9BF1D3CF9F500257A34 /* qrencode.c in Sources */,
				AACCE9BC1D3CF9F500257A34 /* bitstream.c in Sources */,
			);
			runOnlyForDeploymentPostprocessing = 0;
		};
/* End PBXSourcesBuildPhase section */

/* Begin PBXVariantGroup section */
		ECB2D6F81C58A722009B86DA /* Main.storyboard */ = {
			isa = PBXVariantGroup;
			children = (
				ECB2D6F91C58A722009B86DA /* Base */,
			);
			name = Main.storyboard;
			sourceTree = "<group>";
		};
		ECB2D6FD1C58A722009B86DA /* LaunchScreen.storyboard */ = {
			isa = PBXVariantGroup;
			children = (
				ECB2D6FE1C58A722009B86DA /* Base */,
			);
			name = LaunchScreen.storyboard;
			sourceTree = "<group>";
		};
/* End PBXVariantGroup section */

/* Begin XCBuildConfiguration section */
		ECB2D7011C58A722009B86DA /* Debug */ = {
			isa = XCBuildConfiguration;
			buildSettings = {
				ALWAYS_SEARCH_USER_PATHS = NO;
				CLANG_CXX_LANGUAGE_STANDARD = "gnu++0x";
				CLANG_CXX_LIBRARY = "libc++";
				CLANG_ENABLE_MODULES = YES;
				CLANG_ENABLE_OBJC_ARC = YES;
				CLANG_WARN_BOOL_CONVERSION = YES;
				CLANG_WARN_CONSTANT_CONVERSION = YES;
				CLANG_WARN_DIRECT_OBJC_ISA_USAGE = YES_ERROR;
				CLANG_WARN_EMPTY_BODY = YES;
				CLANG_WARN_ENUM_CONVERSION = YES;
				CLANG_WARN_INT_CONVERSION = YES;
				CLANG_WARN_OBJC_ROOT_CLASS = YES_ERROR;
				CLANG_WARN_UNREACHABLE_CODE = YES;
				CLANG_WARN__DUPLICATE_METHOD_MATCH = YES;
				"CODE_SIGN_IDENTITY[sdk=iphoneos*]" = "iPhone Developer";
				COPY_PHASE_STRIP = NO;
				DEBUG_INFORMATION_FORMAT = dwarf;
				ENABLE_STRICT_OBJC_MSGSEND = YES;
				ENABLE_TESTABILITY = YES;
				GCC_C_LANGUAGE_STANDARD = gnu99;
				GCC_DYNAMIC_NO_PIC = NO;
				GCC_NO_COMMON_BLOCKS = YES;
				GCC_OPTIMIZATION_LEVEL = 0;
				GCC_PREPROCESSOR_DEFINITIONS = (
					"DEBUG=1",
					"$(inherited)",
				);
				GCC_WARN_64_TO_32_BIT_CONVERSION = YES;
				GCC_WARN_ABOUT_RETURN_TYPE = YES_ERROR;
				GCC_WARN_UNDECLARED_SELECTOR = YES;
				GCC_WARN_UNINITIALIZED_AUTOS = YES_AGGRESSIVE;
				GCC_WARN_UNUSED_FUNCTION = YES;
				GCC_WARN_UNUSED_VARIABLE = YES;
				IPHONEOS_DEPLOYMENT_TARGET = 7.0;
				MTL_ENABLE_DEBUG_INFO = YES;
				ONLY_ACTIVE_ARCH = YES;
				SDKROOT = iphoneos;
				TARGETED_DEVICE_FAMILY = "1,2";
			};
			name = Debug;
		};
		ECB2D7021C58A722009B86DA /* Release */ = {
			isa = XCBuildConfiguration;
			buildSettings = {
				ALWAYS_SEARCH_USER_PATHS = NO;
				CLANG_CXX_LANGUAGE_STANDARD = "gnu++0x";
				CLANG_CXX_LIBRARY = "libc++";
				CLANG_ENABLE_MODULES = YES;
				CLANG_ENABLE_OBJC_ARC = YES;
				CLANG_WARN_BOOL_CONVERSION = YES;
				CLANG_WARN_CONSTANT_CONVERSION = YES;
				CLANG_WARN_DIRECT_OBJC_ISA_USAGE = YES_ERROR;
				CLANG_WARN_EMPTY_BODY = YES;
				CLANG_WARN_ENUM_CONVERSION = YES;
				CLANG_WARN_INT_CONVERSION = YES;
				CLANG_WARN_OBJC_ROOT_CLASS = YES_ERROR;
				CLANG_WARN_UNREACHABLE_CODE = YES;
				CLANG_WARN__DUPLICATE_METHOD_MATCH = YES;
				"CODE_SIGN_IDENTITY[sdk=iphoneos*]" = "iPhone Developer";
				COPY_PHASE_STRIP = NO;
				DEBUG_INFORMATION_FORMAT = "dwarf-with-dsym";
				ENABLE_NS_ASSERTIONS = NO;
				ENABLE_STRICT_OBJC_MSGSEND = YES;
				GCC_C_LANGUAGE_STANDARD = gnu99;
				GCC_NO_COMMON_BLOCKS = YES;
				GCC_WARN_64_TO_32_BIT_CONVERSION = YES;
				GCC_WARN_ABOUT_RETURN_TYPE = YES_ERROR;
				GCC_WARN_UNDECLARED_SELECTOR = YES;
				GCC_WARN_UNINITIALIZED_AUTOS = YES_AGGRESSIVE;
				GCC_WARN_UNUSED_FUNCTION = YES;
				GCC_WARN_UNUSED_VARIABLE = YES;
				IPHONEOS_DEPLOYMENT_TARGET = 7.0;
				MTL_ENABLE_DEBUG_INFO = NO;
				SDKROOT = iphoneos;
				TARGETED_DEVICE_FAMILY = "1,2";
				VALIDATE_PRODUCT = YES;
			};
			name = Release;
		};
		ECB2D7041C58A722009B86DA /* Debug */ = {
			isa = XCBuildConfiguration;
			buildSettings = {
				ASSETCATALOG_COMPILER_APPICON_NAME = AppIcon;
				INFOPLIST_FILE = FBBarCoder/Info.plist;
				LD_RUNPATH_SEARCH_PATHS = "$(inherited) @executable_path/Frameworks";
				PRODUCT_BUNDLE_IDENTIFIER = com.arseeds.commonAppID;
				PRODUCT_NAME = "$(TARGET_NAME)";
			};
			name = Debug;
		};
		ECB2D7051C58A722009B86DA /* Release */ = {
			isa = XCBuildConfiguration;
			buildSettings = {
				ASSETCATALOG_COMPILER_APPICON_NAME = AppIcon;
				INFOPLIST_FILE = FBBarCoder/Info.plist;
				LD_RUNPATH_SEARCH_PATHS = "$(inherited) @executable_path/Frameworks";
				PRODUCT_BUNDLE_IDENTIFIER = com.arseeds.commonAppID;
				PRODUCT_NAME = "$(TARGET_NAME)";
			};
			name = Release;
		};
/* End XCBuildConfiguration section */

/* Begin XCConfigurationList section */
		ECB2D6E71C58A722009B86DA /* Build configuration list for PBXProject "FBBarCoder" */ = {
			isa = XCConfigurationList;
			buildConfigurations = (
				ECB2D7011C58A722009B86DA /* Debug */,
				ECB2D7021C58A722009B86DA /* Release */,
			);
			defaultConfigurationIsVisible = 0;
			defaultConfigurationName = Release;
		};
		ECB2D7031C58A722009B86DA /* Build configuration list for PBXNativeTarget "FBBarCoder" */ = {
			isa = XCConfigurationList;
			buildConfigurations = (
				ECB2D7041C58A722009B86DA /* Debug */,
				ECB2D7051C58A722009B86DA /* Release */,
			);
			defaultConfigurationIsVisible = 0;
			defaultConfigurationName = Release;
		};
/* End XCConfigurationList section */
	};
	rootObject = ECB2D6E41C58A722009B86DA /* Project object */;
}
